<Solution>
  <Project Path="SingularityGroup.HotReload.Editor.csproj" />
  <Project Path="VFolders.csproj" />
  <Project Path="UniTask.csproj" />
  <Project Path="Game.Core.csproj" />
  <Project Path="AYellowpaper.SerializedCollections.csproj" />
  <Project Path="UniTask.Linq.csproj" />
  <Project Path="SingularityGroup.HotReload.Runtime.csproj" />
  <Project Path="Game.csproj" />
  <Project Path="UniTask.Addressables.csproj" />
  <Project Path="DOTween.Modules.csproj" />
  <Project Path="VInspector.csproj" />
  <Project Path="AYellowpaper.SerializedCollections.Editor.csproj" />
  <Project Path="SingularityGroup.HotReload.Runtime.Public.csproj" />
  <Project Path="UniTask.TextMeshPro.csproj" />
  <Project Path="Assembly-CSharp-firstpass.csproj" />
  <Project Path="UniTask.Editor.csproj" />
  <Project Path="Assembly-CSharp.csproj" />
  <Project Path="UniTask.DOTween.csproj" />
</Solution>
